
Microsoft Visual Studio Solution File, Format Version 12.00
# Visual Studio 15
VisualStudioVersion = 15.0.26124.0
MinimumVisualStudioVersion = 15.0.26124.0
Project("{FAE04EC0-301F-11D3-BF4B-00C04F79EFBC}") = "Api", "Api\Api.csproj", "{5CED54FA-D0A4-4FE2-99F0-0813245CE6E4}"
EndProject
Project("{FAE04EC0-301F-11D3-BF4B-00C04F79EFBC}") = "Core", "Core\Core.csproj", "{9A0F5822-D87F-4807-9164-E5CA64A2E083}"
EndProject
Project("{FAE04EC0-301F-11D3-BF4B-00C04F79EFBC}") = "Data", "Data\Data.csproj", "{C7FC63A6-203F-4C4C-99A4-161BF716052F}"
EndProject
Project("{FAE04EC0-301F-11D3-BF4B-00C04F79EFBC}") = "Services", "Services\Services.csproj", "{65F4521C-1714-40F0-B87B-941F67358D9C}"
EndProject
Global
	GlobalSection(SolutionConfigurationPlatforms) = preSolution
		Debug|Any CPU = Debug|Any CPU
		Debug|x64 = Debug|x64
		Debug|x86 = Debug|x86
		Release|Any CPU = Release|Any CPU
		Release|x64 = Release|x64
		Release|x86 = Release|x86
	EndGlobalSection
	GlobalSection(SolutionProperties) = preSolution
		HideSolutionNode = FALSE
	EndGlobalSection
	GlobalSection(ProjectConfigurationPlatforms) = postSolution
		{5CED54FA-D0A4-4FE2-99F0-0813245CE6E4}.Debug|Any CPU.ActiveCfg = Debug|Any CPU
		{5CED54FA-D0A4-4FE2-99F0-0813245CE6E4}.Debug|Any CPU.Build.0 = Debug|Any CPU
		{5CED54FA-D0A4-4FE2-99F0-0813245CE6E4}.Debug|x64.ActiveCfg = Debug|Any CPU
		{5CED54FA-D0A4-4FE2-99F0-0813245CE6E4}.Debug|x64.Build.0 = Debug|Any CPU
		{5CED54FA-D0A4-4FE2-99F0-0813245CE6E4}.Debug|x86.ActiveCfg = Debug|Any CPU
		{5CED54FA-D0A4-4FE2-99F0-0813245CE6E4}.Debug|x86.Build.0 = Debug|Any CPU
		{5CED54FA-D0A4-4FE2-99F0-0813245CE6E4}.Release|Any CPU.ActiveCfg = Release|Any CPU
		{5CED54FA-D0A4-4FE2-99F0-0813245CE6E4}.Release|Any CPU.Build.0 = Release|Any CPU
		{5CED54FA-D0A4-4FE2-99F0-0813245CE6E4}.Release|x64.ActiveCfg = Release|Any CPU
		{5CED54FA-D0A4-4FE2-99F0-0813245CE6E4}.Release|x64.Build.0 = Release|Any CPU
		{5CED54FA-D0A4-4FE2-99F0-0813245CE6E4}.Release|x86.ActiveCfg = Release|Any CPU
		{5CED54FA-D0A4-4FE2-99F0-0813245CE6E4}.Release|x86.Build.0 = Release|Any CPU
		{9A0F5822-D87F-4807-9164-E5CA64A2E083}.Debug|Any CPU.ActiveCfg = Debug|Any CPU
		{9A0F5822-D87F-4807-9164-E5CA64A2E083}.Debug|Any CPU.Build.0 = Debug|Any CPU
		{9A0F5822-D87F-4807-9164-E5CA64A2E083}.Debug|x64.ActiveCfg = Debug|Any CPU
		{9A0F5822-D87F-4807-9164-E5CA64A2E083}.Debug|x64.Build.0 = Debug|Any CPU
		{9A0F5822-D87F-4807-9164-E5CA64A2E083}.Debug|x86.ActiveCfg = Debug|Any CPU
		{9A0F5822-D87F-4807-9164-E5CA64A2E083}.Debug|x86.Build.0 = Debug|Any CPU
		{9A0F5822-D87F-4807-9164-E5CA64A2E083}.Release|Any CPU.ActiveCfg = Release|Any CPU
		{9A0F5822-D87F-4807-9164-E5CA64A2E083}.Release|Any CPU.Build.0 = Release|Any CPU
		{9A0F5822-D87F-4807-9164-E5CA64A2E083}.Release|x64.ActiveCfg = Release|Any CPU
		{9A0F5822-D87F-4807-9164-E5CA64A2E083}.Release|x64.Build.0 = Release|Any CPU
		{9A0F5822-D87F-4807-9164-E5CA64A2E083}.Release|x86.ActiveCfg = Release|Any CPU
		{9A0F5822-D87F-4807-9164-E5CA64A2E083}.Release|x86.Build.0 = Release|Any CPU
		{C7FC63A6-203F-4C4C-99A4-161BF716052F}.Debug|Any CPU.ActiveCfg = Debug|Any CPU
		{C7FC63A6-203F-4C4C-99A4-161BF716052F}.Debug|Any CPU.Build.0 = Debug|Any CPU
		{C7FC63A6-203F-4C4C-99A4-161BF716052F}.Debug|x64.ActiveCfg = Debug|Any CPU
		{C7FC63A6-203F-4C4C-99A4-161BF716052F}.Debug|x64.Build.0 = Debug|Any CPU
		{C7FC63A6-203F-4C4C-99A4-161BF716052F}.Debug|x86.ActiveCfg = Debug|Any CPU
		{C7FC63A6-203F-4C4C-99A4-161BF716052F}.Debug|x86.Build.0 = Debug|Any CPU
		{C7FC63A6-203F-4C4C-99A4-161BF716052F}.Release|Any CPU.ActiveCfg = Release|Any CPU
		{C7FC63A6-203F-4C4C-99A4-161BF716052F}.Release|Any CPU.Build.0 = Release|Any CPU
		{C7FC63A6-203F-4C4C-99A4-161BF716052F}.Release|x64.ActiveCfg = Release|Any CPU
		{C7FC63A6-203F-4C4C-99A4-161BF716052F}.Release|x64.Build.0 = Release|Any CPU
		{C7FC63A6-203F-4C4C-99A4-161BF716052F}.Release|x86.ActiveCfg = Release|Any CPU
		{C7FC63A6-203F-4C4C-99A4-161BF716052F}.Release|x86.Build.0 = Release|Any CPU
		{65F4521C-1714-40F0-B87B-941F67358D9C}.Debug|Any CPU.ActiveCfg = Debug|Any CPU
		{65F4521C-1714-40F0-B87B-941F67358D9C}.Debug|Any CPU.Build.0 = Debug|Any CPU
		{65F4521C-1714-40F0-B87B-941F67358D9C}.Debug|x64.ActiveCfg = Debug|Any CPU
		{65F4521C-1714-40F0-B87B-941F67358D9C}.Debug|x64.Build.0 = Debug|Any CPU
		{65F4521C-1714-40F0-B87B-941F67358D9C}.Debug|x86.ActiveCfg = Debug|Any CPU
		{65F4521C-1714-40F0-B87B-941F67358D9C}.Debug|x86.Build.0 = Debug|Any CPU
		{65F4521C-1714-40F0-B87B-941F67358D9C}.Release|Any CPU.ActiveCfg = Release|Any CPU
		{65F4521C-1714-40F0-B87B-941F67358D9C}.Release|Any CPU.Build.0 = Release|Any CPU
		{65F4521C-1714-40F0-B87B-941F67358D9C}.Release|x64.ActiveCfg = Release|Any CPU
		{65F4521C-1714-40F0-B87B-941F67358D9C}.Release|x64.Build.0 = Release|Any CPU
		{65F4521C-1714-40F0-B87B-941F67358D9C}.Release|x86.ActiveCfg = Release|Any CPU
		{65F4521C-1714-40F0-B87B-941F67358D9C}.Release|x86.Build.0 = Release|Any CPU
	EndGlobalSection
EndGlobal
